# This is a Gradle generated file for dependency locking.
# Manual edits can break the build and are not advised.
# This file is expected to be part of source control.
com.fasterxml.woodstox:woodstox-core:7.0.0=runtimeClasspath,testRuntimeClasspath
com.fasterxml.woodstox:woodstox-core:7.1.1=wsdl2java
com.github.oowekyala.ooxml:nice-xml-messages:3.1=pmd
com.github.spotbugs:spotbugs-annotations:4.9.8=compileClasspath,spotbugs
com.github.spotbugs:spotbugs:4.9.8=spotbugs
com.github.stephenc.jcip:jcip-annotations:1.0-1=spotbugs
com.google.code.findbugs:jsr305:3.0.2=compileClasspath,spotbugs
com.google.code.gson:gson:2.13.0=pmd
com.google.code.gson:gson:2.13.2=spotbugs
com.google.errorprone:error_prone_annotations:2.37.0=pmd
com.google.errorprone:error_prone_annotations:2.41.0=spotbugs
com.google.errorprone:error_prone_type_annotations:2.37.0=pmd
com.h3xstream.findsecbugs:findsecbugs-plugin:1.14.0=spotbugsPlugins
com.sun.activation:jakarta.activation:2.0.1=wsdl2java
com.sun.istack:istack-commons-runtime:4.1.2=wsdl2java
com.sun.istack:istack-commons-tools:4.0.1=wsdl2java
com.sun.xml.bind.external:relaxng-datatype:3.0.2=wsdl2java
com.sun.xml.bind.external:rngom:3.0.2=wsdl2java
com.sun.xml.bind:jaxb-core:4.0.5=compileClasspath,runtimeClasspath,testCompileClasspath,testRuntimeClasspath
com.sun.xml.bind:jaxb-impl:4.0.5=compileClasspath,runtimeClasspath,testCompileClasspath,testRuntimeClasspath
com.sun.xml.bind:jaxb-jxc:4.0.5=compileClasspath,runtimeClasspath,testCompileClasspath,testRuntimeClasspath
com.sun.xml.bind:jaxb-xjc:4.0.5=compileClasspath,runtimeClasspath,testCompileClasspath,testRuntimeClasspath
com.sun.xml.dtd-parser:dtd-parser:1.4.5=wsdl2java
com.sun.xml.fastinfoset:FastInfoset:2.1.1=compileClasspath,runtimeClasspath,testCompileClasspath,testRuntimeClasspath
com.sun.xml.messaging.saaj:saaj-impl:3.0.4=runtimeClasspath,testRuntimeClasspath
com.sun.xml.stream.buffer:streambuffer:2.1.0=compileClasspath,runtimeClasspath,testCompileClasspath,testRuntimeClasspath
com.sun.xml.ws:jaxws-eclipselink-plugin:4.0.3=compileClasspath,runtimeClasspath,testCompileClasspath,testRuntimeClasspath
com.sun.xml.ws:jaxws-ri:4.0.3=compileClasspath,runtimeClasspath,testCompileClasspath,testRuntimeClasspath
com.sun.xml.ws:jaxws-rt:4.0.3=compileClasspath,runtimeClasspath,testCompileClasspath,testRuntimeClasspath
com.sun.xml.ws:jaxws-tools:4.0.3=compileClasspath,runtimeClasspath,testCompileClasspath,testRuntimeClasspath
com.sun.xml.ws:release-documentation:4.0.3=compileClasspath,runtimeClasspath,testCompileClasspath,testRuntimeClasspath
com.sun.xml.ws:samples:4.0.3=compileClasspath,runtimeClasspath,testCompileClasspath,testRuntimeClasspath
com.sun.xml.ws:sdo-eclipselink-plugin:4.0.3=compileClasspath,runtimeClasspath,testCompileClasspath,testRuntimeClasspath
commons-codec:commons-codec:1.15=pmd
commons-io:commons-io:2.20.0=spotbugs
info.picocli:picocli:4.7.7=compileClasspath,runtimeClasspath,testCompileClasspath,testRuntimeClasspath
jakarta.activation:jakarta.activation-api:2.1.4=compileClasspath,runtimeClasspath,testCompileClasspath,testRuntimeClasspath,wsdl2java
jakarta.annotation:jakarta.annotation-api:2.1.1=wsdl2java
jakarta.annotation:jakarta.annotation-api:3.0.0=compileClasspath,runtimeClasspath,testCompileClasspath,testRuntimeClasspath
jakarta.jws:jakarta.jws-api:3.0.0=compileClasspath,runtimeClasspath,testCompileClasspath,testRuntimeClasspath,wsdl2java
jakarta.mail:jakarta.mail-api:2.1.3=compileClasspath,runtimeClasspath,testCompileClasspath,testRuntimeClasspath
jakarta.xml.bind:jakarta.xml.bind-api:4.0.4=compileClasspath,runtimeClasspath,testCompileClasspath,testRuntimeClasspath,wsdl2java
jakarta.xml.soap:jakarta.xml.soap-api:2.0.1=wsdl2java
jakarta.xml.soap:jakarta.xml.soap-api:3.0.2=compileClasspath,runtimeClasspath,testCompileClasspath,testRuntimeClasspath
jakarta.xml.ws:jakarta.xml.ws-api:3.0.1=wsdl2java
jakarta.xml.ws:jakarta.xml.ws-api:4.0.2=compileClasspath,runtimeClasspath,testCompileClasspath,testRuntimeClasspath
jaxen:jaxen:2.0.0=spotbugs
net.sf.saxon:Saxon-HE:12.5=pmd
net.sf.saxon:Saxon-HE:12.9=spotbugs
net.sourceforge.pmd:pmd-ant:7.13.0=pmd
net.sourceforge.pmd:pmd-core:7.13.0=pmd
net.sourceforge.pmd:pmd-java:7.13.0=pmd
org.antlr:antlr4-runtime:4.9.3=pmd
org.apache.bcel:bcel:6.11.0=spotbugs
org.apache.commons:commons-lang3:3.11=wsdl2java
org.apache.commons:commons-lang3:3.17.0=pmd
org.apache.commons:commons-lang3:3.19.0=spotbugs
org.apache.commons:commons-text:1.10.0=wsdl2java
org.apache.commons:commons-text:1.14.0=spotbugs
org.apache.cxf:cxf-core:4.1.4=wsdl2java
org.apache.cxf:cxf-rt-bindings-soap:4.0.2=wsdl2java
org.apache.cxf:cxf-rt-databinding-jaxb:4.0.2=wsdl2java
org.apache.cxf:cxf-rt-wsdl:4.0.2=wsdl2java
org.apache.cxf:cxf-tools-common:4.0.2=wsdl2java
org.apache.cxf:cxf-tools-validator:4.0.2=wsdl2java
org.apache.cxf:cxf-tools-wsdlto-core:4.0.2=wsdl2java
org.apache.cxf:cxf-tools-wsdlto-databinding-jaxb:4.0.2=wsdl2java
org.apache.cxf:cxf-tools-wsdlto-frontend-jaxws:4.0.2=wsdl2java
org.apache.httpcomponents.client5:httpclient5:5.1.3=pmd
org.apache.httpcomponents.core5:httpcore5-h2:5.1.3=pmd
org.apache.httpcomponents.core5:httpcore5:5.1.3=pmd
org.apache.logging.log4j:log4j-api:2.25.2=spotbugs
org.apache.logging.log4j:log4j-core:2.25.2=spotbugs
org.apache.velocity:velocity-engine-core:2.3=wsdl2java
org.apache.ws.xmlschema:xmlschema-core:2.3.2=wsdl2java
org.bouncycastle:bcpkix-jdk18on:1.83=compileClasspath,runtimeClasspath,testCompileClasspath,testRuntimeClasspath
org.bouncycastle:bcprov-jdk18on:1.83=compileClasspath,runtimeClasspath,testCompileClasspath,testRuntimeClasspath
org.bouncycastle:bctls-jdk18on:1.83=compileClasspath,runtimeClasspath,testCompileClasspath,testRuntimeClasspath
org.bouncycastle:bcutil-jdk18on:1.83=compileClasspath,runtimeClasspath,testCompileClasspath,testRuntimeClasspath
org.checkerframework:checker-qual:3.49.2=pmd
org.codehaus.woodstox:stax2-api:4.2.2=runtimeClasspath,testRuntimeClasspath,wsdl2java
org.dom4j:dom4j:2.2.0=spotbugs
org.eclipse.angus:angus-activation:2.0.2=compileClasspath,runtimeClasspath,testCompileClasspath,testRuntimeClasspath
org.eclipse.angus:angus-activation:2.0.3=wsdl2java
org.eclipse.angus:angus-mail:2.0.3=compileClasspath,runtimeClasspath,testCompileClasspath,testRuntimeClasspath
org.eclipse.persistence:org.eclipse.persistence.asm:9.7.0=compileClasspath,runtimeClasspath,testCompileClasspath,testRuntimeClasspath
org.eclipse.persistence:org.eclipse.persistence.core:4.0.3=compileClasspath,runtimeClasspath,testCompileClasspath,testRuntimeClasspath
org.eclipse.persistence:org.eclipse.persistence.moxy:4.0.3=compileClasspath,runtimeClasspath,testCompileClasspath,testRuntimeClasspath
org.eclipse.persistence:org.eclipse.persistence.sdo:4.0.3=compileClasspath,runtimeClasspath,testCompileClasspath,testRuntimeClasspath
org.glassfish.external:management-api:3.2.3=compileClasspath,runtimeClasspath,testCompileClasspath,testRuntimeClasspath
org.glassfish.gmbal:gmbal-api-only:4.0.3=compileClasspath,runtimeClasspath,testCompileClasspath,testRuntimeClasspath
org.glassfish.ha:ha-api:3.1.13=compileClasspath,runtimeClasspath,testCompileClasspath,testRuntimeClasspath
org.glassfish.jaxb:codemodel:3.0.2=wsdl2java
org.glassfish.jaxb:jaxb-core:4.0.6=wsdl2java
org.glassfish.jaxb:jaxb-runtime:4.0.6=wsdl2java
org.glassfish.jaxb:jaxb-xjc:3.0.2=wsdl2java
org.glassfish.jaxb:txw2:4.0.6=wsdl2java
org.glassfish.jaxb:xsom:3.0.2=wsdl2java
org.jacoco:org.jacoco.agent:0.8.13=jacocoAgent,jacocoAnt
org.jacoco:org.jacoco.ant:0.8.13=jacocoAnt
org.jacoco:org.jacoco.core:0.8.13=jacocoAnt
org.jacoco:org.jacoco.report:0.8.13=jacocoAnt
org.junit:junit-bom:5.14.0=spotbugs
org.jvnet.mimepull:mimepull:1.10.0=compileClasspath,runtimeClasspath,testCompileClasspath,testRuntimeClasspath
org.jvnet.staxex:stax-ex:2.1.0=compileClasspath,runtimeClasspath,testCompileClasspath,testRuntimeClasspath
org.ow2.asm:asm-analysis:9.9=spotbugs
org.ow2.asm:asm-commons:9.8=jacocoAnt
org.ow2.asm:asm-commons:9.9=spotbugs
org.ow2.asm:asm-tree:9.8=jacocoAnt
org.ow2.asm:asm-tree:9.9=spotbugs
org.ow2.asm:asm-util:9.9=spotbugs
org.ow2.asm:asm:9.5=wsdl2java
org.ow2.asm:asm:9.8=jacocoAnt,pmd
org.ow2.asm:asm:9.9=spotbugs
org.pcollections:pcollections:4.0.2=pmd
org.slf4j:jul-to-slf4j:1.7.36=pmd
org.slf4j:slf4j-api:1.7.36=wsdl2java
org.slf4j:slf4j-api:2.0.17=spotbugs,spotbugsSlf4j
org.slf4j:slf4j-simple:1.7.36=wsdl2java
org.slf4j:slf4j-simple:2.0.17=spotbugsSlf4j
org.xmlresolver:xmlresolver:5.2.2=pmd
org.xmlresolver:xmlresolver:5.3.3=spotbugs
wsdl4j:wsdl4j:1.6.3=wsdl2java
xml-resolver:xml-resolver:1.2=wsdl2java
empty=annotationProcessor,testAnnotationProcessor,xjcPlugins
