# This is a Gradle generated file for dependency locking.
# Manual edits can break the build and are not advised.
# This file is expected to be part of source control.
com.fasterxml.woodstox:woodstox-core:6.2.6=wsdl2java
com.fasterxml.woodstox:woodstox-core:6.5.1=mainPmdAuxClasspath,runtimeClasspath,testPmdAuxClasspath,testRuntimeClasspath
com.github.oowekyala.ooxml:nice-xml-messages:3.1=pmd
com.github.spotbugs:spotbugs-annotations:4.9.4=compileClasspath,mainPmdAuxClasspath,runtimeClasspath,spotbugs,testCompileClasspath,testPmdAuxClasspath,testRuntimeClasspath
com.github.spotbugs:spotbugs:4.9.4=spotbugs
com.github.stephenc.jcip:jcip-annotations:1.0-1=spotbugs
com.google.code.findbugs:jsr305:3.0.2=compileClasspath,mainPmdAuxClasspath,runtimeClasspath,spotbugs,testCompileClasspath,testPmdAuxClasspath,testRuntimeClasspath
com.google.code.gson:gson:2.13.0=pmd
com.google.code.gson:gson:2.13.1=spotbugs
com.google.errorprone:error_prone_annotations:2.37.0=pmd
com.google.errorprone:error_prone_annotations:2.38.0=spotbugs
com.google.errorprone:error_prone_type_annotations:2.37.0=pmd
com.h3xstream.findsecbugs:findsecbugs-plugin:1.14.0=spotbugsPlugins
com.sun.activation:jakarta.activation:1.2.1=compileClasspath,testCompileClasspath
com.sun.activation:jakarta.activation:1.2.2=mainPmdAuxClasspath,runtimeClasspath,testPmdAuxClasspath,testRuntimeClasspath,wsdl2java
com.sun.istack:istack-commons-runtime:3.0.12=wsdl2java
com.sun.istack:istack-commons-tools:3.0.12=wsdl2java
com.sun.mail:jakarta.mail:1.6.7=compileClasspath,mainPmdAuxClasspath,runtimeClasspath,testCompileClasspath,testPmdAuxClasspath,testRuntimeClasspath
com.sun.xml.bind.external:relaxng-datatype:2.3.4=wsdl2java
com.sun.xml.bind.external:rngom:2.3.4=wsdl2java
com.sun.xml.bind:jaxb-impl:2.3.9=compileClasspath,mainPmdAuxClasspath,runtimeClasspath,testCompileClasspath,testPmdAuxClasspath,testRuntimeClasspath
com.sun.xml.bind:jaxb-jxc:2.3.9=compileClasspath,mainPmdAuxClasspath,runtimeClasspath,testCompileClasspath,testPmdAuxClasspath,testRuntimeClasspath
com.sun.xml.bind:jaxb-xjc:2.3.9=compileClasspath,mainPmdAuxClasspath,runtimeClasspath,testCompileClasspath,testPmdAuxClasspath,testRuntimeClasspath
com.sun.xml.dtd-parser:dtd-parser:1.4.4=wsdl2java
com.sun.xml.fastinfoset:FastInfoset:1.2.18=compileClasspath,mainPmdAuxClasspath,runtimeClasspath,testCompileClasspath,testPmdAuxClasspath,testRuntimeClasspath
com.sun.xml.messaging.saaj:saaj-impl:1.5.3=mainPmdAuxClasspath,runtimeClasspath,testPmdAuxClasspath,testRuntimeClasspath
com.sun.xml.stream.buffer:streambuffer:1.5.10=compileClasspath,mainPmdAuxClasspath,runtimeClasspath,testCompileClasspath,testPmdAuxClasspath,testRuntimeClasspath
com.sun.xml.ws:jaxws-eclipselink-plugin:2.3.7=compileClasspath,mainPmdAuxClasspath,runtimeClasspath,testCompileClasspath,testPmdAuxClasspath,testRuntimeClasspath
com.sun.xml.ws:jaxws-ri:2.3.7=compileClasspath,mainPmdAuxClasspath,runtimeClasspath,testCompileClasspath,testPmdAuxClasspath,testRuntimeClasspath
com.sun.xml.ws:jaxws-rt:2.3.7=compileClasspath,mainPmdAuxClasspath,runtimeClasspath,testCompileClasspath,testPmdAuxClasspath,testRuntimeClasspath
com.sun.xml.ws:jaxws-tools:2.3.7=compileClasspath,mainPmdAuxClasspath,runtimeClasspath,testCompileClasspath,testPmdAuxClasspath,testRuntimeClasspath
com.sun.xml.ws:policy:2.7.10=compileClasspath,mainPmdAuxClasspath,runtimeClasspath,testCompileClasspath,testPmdAuxClasspath,testRuntimeClasspath
com.sun.xml.ws:release-documentation:2.3.7=compileClasspath,mainPmdAuxClasspath,runtimeClasspath,testCompileClasspath,testPmdAuxClasspath,testRuntimeClasspath
com.sun.xml.ws:samples:2.3.7=compileClasspath,mainPmdAuxClasspath,runtimeClasspath,testCompileClasspath,testPmdAuxClasspath,testRuntimeClasspath
com.sun.xml.ws:sdo-eclipselink-plugin:2.3.7=compileClasspath,mainPmdAuxClasspath,runtimeClasspath,testCompileClasspath,testPmdAuxClasspath,testRuntimeClasspath
commons-codec:commons-codec:1.15=pmd
commons-collections:commons-collections:3.2.2=wsdl2java
info.picocli:picocli:4.7.7=compileClasspath,mainPmdAuxClasspath,runtimeClasspath,testCompileClasspath,testPmdAuxClasspath,testRuntimeClasspath
jakarta.activation:jakarta.activation-api:1.2.2=compileClasspath,mainPmdAuxClasspath,runtimeClasspath,testCompileClasspath,testPmdAuxClasspath,testRuntimeClasspath,wsdl2java
jakarta.annotation:jakarta.annotation-api:1.3.5=compileClasspath,mainPmdAuxClasspath,runtimeClasspath,testCompileClasspath,testPmdAuxClasspath,testRuntimeClasspath
jakarta.jws:jakarta.jws-api:2.1.0=compileClasspath,mainPmdAuxClasspath,runtimeClasspath,testCompileClasspath,testPmdAuxClasspath,testRuntimeClasspath,wsdl2java
jakarta.persistence:jakarta.persistence-api:2.2.3=compileClasspath,mainPmdAuxClasspath,runtimeClasspath,testCompileClasspath,testPmdAuxClasspath,testRuntimeClasspath
jakarta.xml.bind:jakarta.xml.bind-api:2.3.3=compileClasspath,mainPmdAuxClasspath,runtimeClasspath,testCompileClasspath,testPmdAuxClasspath,testRuntimeClasspath,wsdl2java
jakarta.xml.soap:jakarta.xml.soap-api:1.4.2=compileClasspath,mainPmdAuxClasspath,runtimeClasspath,testCompileClasspath,testPmdAuxClasspath,testRuntimeClasspath,wsdl2java
jakarta.xml.ws:jakarta.xml.ws-api:2.3.3=compileClasspath,mainPmdAuxClasspath,runtimeClasspath,testCompileClasspath,testPmdAuxClasspath,testRuntimeClasspath,wsdl2java
javax.activation:javax.activation-api:1.2.0=compileClasspath,mainPmdAuxClasspath,runtimeClasspath,testCompileClasspath,testPmdAuxClasspath,testRuntimeClasspath
javax.annotation:javax.annotation-api:1.3.2=compileClasspath,mainPmdAuxClasspath,runtimeClasspath,testCompileClasspath,testPmdAuxClasspath,testRuntimeClasspath,wsdl2java
javax.xml.bind:jaxb-api:2.3.1=compileClasspath,mainPmdAuxClasspath,runtimeClasspath,testCompileClasspath,testPmdAuxClasspath,testRuntimeClasspath
javax.xml.soap:javax.xml.soap-api:1.4.0=compileClasspath,mainPmdAuxClasspath,runtimeClasspath,testCompileClasspath,testPmdAuxClasspath,testRuntimeClasspath
javax.xml.ws:jaxws-api:2.3.1=compileClasspath,mainPmdAuxClasspath,runtimeClasspath,testCompileClasspath,testPmdAuxClasspath,testRuntimeClasspath
jaxen:jaxen:2.0.0=spotbugs
net.sf.saxon:Saxon-HE:12.5=pmd
net.sf.saxon:Saxon-HE:12.8=spotbugs
net.sourceforge.pmd:pmd-ant:7.13.0=pmd
net.sourceforge.pmd:pmd-core:7.13.0=pmd
net.sourceforge.pmd:pmd-java:7.13.0=pmd
org.antlr:antlr4-runtime:4.9.3=pmd
org.apache.bcel:bcel:6.10.0=spotbugs
org.apache.commons:commons-lang3:3.11=wsdl2java
org.apache.commons:commons-lang3:3.17.0=pmd
org.apache.commons:commons-lang3:3.18.0=spotbugs
org.apache.commons:commons-text:1.14.0=spotbugs
org.apache.commons:commons-text:1.9=wsdl2java
org.apache.cxf:cxf-core:3.4.4=wsdl2java
org.apache.cxf:cxf-rt-bindings-soap:3.4.4=wsdl2java
org.apache.cxf:cxf-rt-databinding-jaxb:3.4.4=wsdl2java
org.apache.cxf:cxf-rt-wsdl:3.4.4=wsdl2java
org.apache.cxf:cxf-tools-common:3.4.4=wsdl2java
org.apache.cxf:cxf-tools-validator:3.4.4=wsdl2java
org.apache.cxf:cxf-tools-wsdlto-core:3.4.4=wsdl2java
org.apache.cxf:cxf-tools-wsdlto-databinding-jaxb:3.4.4=wsdl2java
org.apache.cxf:cxf-tools-wsdlto-frontend-jaxws:3.4.4=wsdl2java
org.apache.httpcomponents.client5:httpclient5:5.1.3=pmd
org.apache.httpcomponents.core5:httpcore5-h2:5.1.3=pmd
org.apache.httpcomponents.core5:httpcore5:5.1.3=pmd
org.apache.logging.log4j:log4j-api:2.25.1=spotbugs
org.apache.logging.log4j:log4j-core:2.25.1=spotbugs
org.apache.velocity:velocity-engine-core:2.3=wsdl2java
org.apache.ws.xmlschema:xmlschema-core:2.2.5=wsdl2java
org.bouncycastle:bcpkix-jdk18on:1.81=compileClasspath,mainPmdAuxClasspath,runtimeClasspath,testCompileClasspath,testPmdAuxClasspath,testRuntimeClasspath
org.bouncycastle:bcprov-jdk18on:1.81=compileClasspath,mainPmdAuxClasspath,runtimeClasspath,testCompileClasspath,testPmdAuxClasspath,testRuntimeClasspath
org.bouncycastle:bctls-jdk18on:1.81=compileClasspath,mainPmdAuxClasspath,runtimeClasspath,testCompileClasspath,testPmdAuxClasspath,testRuntimeClasspath
org.bouncycastle:bcutil-jdk18on:1.81=compileClasspath,mainPmdAuxClasspath,runtimeClasspath,testCompileClasspath,testPmdAuxClasspath,testRuntimeClasspath
org.checkerframework:checker-qual:3.49.2=pmd
org.codehaus.woodstox:stax2-api:4.2.1=wsdl2java
org.codehaus.woodstox:stax2-api:4.2.2=mainPmdAuxClasspath,runtimeClasspath,testPmdAuxClasspath,testRuntimeClasspath
org.dom4j:dom4j:2.2.0=spotbugs
org.eclipse.persistence:commonj.sdo:2.1.1=compileClasspath,mainPmdAuxClasspath,runtimeClasspath,testCompileClasspath,testPmdAuxClasspath,testRuntimeClasspath
org.eclipse.persistence:org.eclipse.persistence.asm:9.5.0=compileClasspath,mainPmdAuxClasspath,runtimeClasspath,testCompileClasspath,testPmdAuxClasspath,testRuntimeClasspath
org.eclipse.persistence:org.eclipse.persistence.core:2.7.13=compileClasspath,mainPmdAuxClasspath,runtimeClasspath,testCompileClasspath,testPmdAuxClasspath,testRuntimeClasspath
org.eclipse.persistence:org.eclipse.persistence.moxy:2.7.13=compileClasspath,mainPmdAuxClasspath,runtimeClasspath,testCompileClasspath,testPmdAuxClasspath,testRuntimeClasspath
org.eclipse.persistence:org.eclipse.persistence.sdo:2.7.13=compileClasspath,mainPmdAuxClasspath,runtimeClasspath,testCompileClasspath,testPmdAuxClasspath,testRuntimeClasspath
org.glassfish.external:management-api:3.2.3=compileClasspath,mainPmdAuxClasspath,runtimeClasspath,testCompileClasspath,testPmdAuxClasspath,testRuntimeClasspath
org.glassfish.gmbal:gmbal-api-only:4.0.3=compileClasspath,mainPmdAuxClasspath,runtimeClasspath,testCompileClasspath,testPmdAuxClasspath,testRuntimeClasspath
org.glassfish.ha:ha-api:3.1.13=compileClasspath,mainPmdAuxClasspath,runtimeClasspath,testCompileClasspath,testPmdAuxClasspath,testRuntimeClasspath
org.glassfish.jaxb:codemodel:2.3.4=wsdl2java
org.glassfish.jaxb:jaxb-runtime:2.3.4=wsdl2java
org.glassfish.jaxb:jaxb-xjc:2.3.4=wsdl2java
org.glassfish.jaxb:txw2:2.3.4=wsdl2java
org.glassfish.jaxb:xsom:2.3.4=wsdl2java
org.jacoco:org.jacoco.agent:0.8.13=jacocoAgent,jacocoAnt
org.jacoco:org.jacoco.ant:0.8.13=jacocoAnt
org.jacoco:org.jacoco.core:0.8.13=jacocoAnt
org.jacoco:org.jacoco.report:0.8.13=jacocoAnt
org.junit:junit-bom:5.13.4=mainPmdAuxClasspath,runtimeClasspath,spotbugs,testPmdAuxClasspath,testRuntimeClasspath
org.jvnet.mimepull:mimepull:1.9.15=compileClasspath,mainPmdAuxClasspath,runtimeClasspath,testCompileClasspath,testPmdAuxClasspath,testRuntimeClasspath
org.jvnet.staxex:stax-ex:1.8.3=compileClasspath,mainPmdAuxClasspath,runtimeClasspath,testCompileClasspath,testPmdAuxClasspath,testRuntimeClasspath
org.ow2.asm:asm-analysis:9.8=spotbugs
org.ow2.asm:asm-commons:9.8=jacocoAnt,spotbugs
org.ow2.asm:asm-tree:9.8=jacocoAnt,spotbugs
org.ow2.asm:asm-util:9.8=spotbugs
org.ow2.asm:asm:9.1=wsdl2java
org.ow2.asm:asm:9.8=jacocoAnt,pmd,spotbugs
org.pcollections:pcollections:4.0.2=pmd
org.slf4j:jul-to-slf4j:1.7.36=pmd
org.slf4j:slf4j-api:1.7.30=wsdl2java
org.slf4j:slf4j-api:2.0.17=spotbugs,spotbugsSlf4j
org.slf4j:slf4j-simple:1.7.30=wsdl2java
org.slf4j:slf4j-simple:2.0.17=spotbugsSlf4j
org.xmlresolver:xmlresolver:5.2.2=pmd
org.xmlresolver:xmlresolver:5.3.3=spotbugs
wsdl4j:wsdl4j:1.6.3=wsdl2java
xml-resolver:xml-resolver:1.2=wsdl2java
empty=annotationProcessor,testAnnotationProcessor,xjcPlugins
